
Microsoft Visual Studio Solution File, Format Version 12.00
# Visual Studio Version 16
VisualStudioVersion = 16.0.30114.105
MinimumVisualStudioVersion = 10.0.40219.1
Project("{888888A0-9F3D-457C-B088-3A5042F75D52}") = "Breakout", "Breakout.pyproj", "{410015FC-0E14-432F-BEB3-982D37DF4988}"
EndProject
Global
	GlobalSection(SolutionConfigurationPlatforms) = preSolution
		Debug|Any CPU = Debug|Any CPU
		Release|Any CPU = Release|Any CPU
	EndGlobalSection
	GlobalSection(ProjectConfigurationPlatforms) = postSolution
		{410015FC-0E14-432F-BEB3-982D37DF4988}.Debug|Any CPU.ActiveCfg = Debug|Any CPU
		{410015FC-0E14-432F-BEB3-982D37DF4988}.Release|Any CPU.ActiveCfg = Release|Any CPU
	EndGlobalSection
	GlobalSection(SolutionProperties) = preSolution
		HideSolutionNode = FALSE
	EndGlobalSection
	GlobalSection(ExtensibilityGlobals) = postSolution
		SolutionGuid = {DFECB527-A53D-4FE1-81D0-05DD45643A7F}
	EndGlobalSection
EndGlobal
